// !$*UTF8*$!
{
	archiveVersion = 1;
	classes = {
	};
	objectVersion = 56;
	objects = {

/* Begin PBXBuildFile section */
		AE3C1AD22D25BBE300521944 /* Launch Screen.storyboard in Resources */ = {isa = PBXBuildFile; fileRef = AE3C1AD12D25BBE300521944 /* Launch Screen.storyboard */; };
		AEB828EA2D3466C200F40C11 /* SetUpView.swift in Sources */ = {isa = PBXBuildFile; fileRef = AEB828E92D3466C200F40C11 /* SetUpView.swift */; };
		AEB828EC2D3466C900F40C11 /* NotificationService.swift in Sources */ = {isa = PBXBuildFile; fileRef = AEB828EB2D3466C900F40C11 /* NotificationService.swift */; };
		AEB828EE2D3466D100F40C11 /* AppSettings.swift in Sources */ = {isa = PBXBuildFile; fileRef = AEB828ED2D3466D100F40C11 /* AppSettings.swift */; };
		AEB828F02D3466E400F40C11 /* LoadScreenView.swift in Sources */ = {isa = PBXBuildFile; fileRef = AEB828EF2D3466E400F40C11 /* LoadScreenView.swift */; };
		AEE4BCDA2D232D040007495D /* ToDoApp.swift in Sources */ = {isa = PBXBuildFile; fileRef = AEE4BCD92D232D040007495D /* ToDoApp.swift */; };
		AEE4BCDC2D232D040007495D /* ContentView.swift in Sources */ = {isa = PBXBuildFile; fileRef = AEE4BCDB2D232D040007495D /* ContentView.swift */; };
		AEE4BCDE2D232D060007495D /* Assets.xcassets in Resources */ = {isa = PBXBuildFile; fileRef = AEE4BCDD2D232D060007495D /* Assets.xcassets */; };
		AEE4BCE12D232D060007495D /* Preview Assets.xcassets in Resources */ = {isa = PBXBuildFile; fileRef = AEE4BCE02D232D060007495D /* Preview Assets.xcassets */; };
		AEE4BCE62D232D060007495D /* ToDo.xcdatamodeld in Sources */ = {isa = PBXBuildFile; fileRef = AEE4BCE42D232D060007495D /* ToDo.xcdatamodeld */; };
		AEE4BCF02D232D070007495D /* ToDoTests.swift in Sources */ = {isa = PBXBuildFile; fileRef = AEE4BCEF2D232D070007495D /* ToDoTests.swift */; };
		AEE4BCFA2D232D070007495D /* ToDoUITests.swift in Sources */ = {isa = PBXBuildFile; fileRef = AEE4BCF92D232D070007495D /* ToDoUITests.swift */; };
		AEE4BCFC2D232D070007495D /* ToDoUITestsLaunchTests.swift in Sources */ = {isa = PBXBuildFile; fileRef = AEE4BCFB2D232D070007495D /* ToDoUITestsLaunchTests.swift */; };
		AEE4BD2C2D24CEA80007495D /* BlurView.swift in Sources */ = {isa = PBXBuildFile; fileRef = AEE4BD222D24CEA70007495D /* BlurView.swift */; };
		AEE4BD2D2D24CEA80007495D /* HeaderView.swift in Sources */ = {isa = PBXBuildFile; fileRef = AEE4BD232D24CEA70007495D /* HeaderView.swift */; };
		AEE4BD2E2D24CEA80007495D /* Hello.swift in Sources */ = {isa = PBXBuildFile; fileRef = AEE4BD242D24CEA70007495D /* Hello.swift */; };
		AEE4BD2F2D24CEA80007495D /* Background.swift in Sources */ = {isa = PBXBuildFile; fileRef = AEE4BD252D24CEA80007495D /* Background.swift */; };
		AEE4BD302D24CEA80007495D /* Task.swift in Sources */ = {isa = PBXBuildFile; fileRef = AEE4BD262D24CEA80007495D /* Task.swift */; };
		AEE4BD312D24CEA80007495D /* TaskListView.swift in Sources */ = {isa = PBXBuildFile; fileRef = AEE4BD272D24CEA80007495D /* TaskListView.swift */; };
		AEE4BD322D24CEA80007495D /* TaskEditorView.swift in Sources */ = {isa = PBXBuildFile; fileRef = AEE4BD282D24CEA80007495D /* TaskEditorView.swift */; };
		AEE4BD332D24CEA80007495D /* SettingsView.swift in Sources */ = {isa = PBXBuildFile; fileRef = AEE4BD292D24CEA80007495D /* SettingsView.swift */; };
		AEE4BD342D24CEA80007495D /* BG2.swift in Sources */ = {isa = PBXBuildFile; fileRef = AEE4BD2A2D24CEA80007495D /* BG2.swift */; };
/* End PBXBuildFile section */

/* Begin PBXContainerItemProxy section */
		AEE4BCEC2D232D070007495D /* PBXContainerItemProxy */ = {
			isa = PBXContainerItemProxy;
			containerPortal = AEE4BCCE2D232D040007495D /* Project object */;
			proxyType = 1;
			remoteGlobalIDString = AEE4BCD52D232D040007495D;
			remoteInfo = ToDo;
		};
		AEE4BCF62D232D070007495D /* PBXContainerItemProxy */ = {
			isa = PBXContainerItemProxy;
			containerPortal = AEE4BCCE2D232D040007495D /* Project object */;
			proxyType = 1;
			remoteGlobalIDString = AEE4BCD52D232D040007495D;
			remoteInfo = ToDo;
		};
/* End PBXContainerItemProxy section */

/* Begin PBXFileReference section */
		AE3C1AD12D25BBE300521944 /* Launch Screen.storyboard */ = {isa = PBXFileReference; lastKnownFileType = file.storyboard; path = "Launch Screen.storyboard"; sourceTree = "<group>"; };
		AEB828E92D3466C200F40C11 /* SetUpView.swift */ = {isa = PBXFileReference; fileEncoding = 4; lastKnownFileType = sourcecode.swift; path = SetUpView.swift; sourceTree = "<group>"; };
		AEB828EB2D3466C900F40C11 /* NotificationService.swift */ = {isa = PBXFileReference; fileEncoding = 4; lastKnownFileType = sourcecode.swift; path = NotificationService.swift; sourceTree = "<group>"; };
		AEB828ED2D3466D100F40C11 /* AppSettings.swift */ = {isa = PBXFileReference; fileEncoding = 4; lastKnownFileType = sourcecode.swift; path = AppSettings.swift; sourceTree = "<group>"; };
		AEB828EF2D3466E400F40C11 /* LoadScreenView.swift */ = {isa = PBXFileReference; fileEncoding = 4; lastKnownFileType = sourcecode.swift; path = LoadScreenView.swift; sourceTree = "<group>"; };
		AEE4BCD62D232D040007495D /* ToDo.app */ = {isa = PBXFileReference; explicitFileType = wrapper.application; includeInIndex = 0; path = ToDo.app; sourceTree = BUILT_PRODUCTS_DIR; };
		AEE4BCD92D232D040007495D /* ToDoApp.swift */ = {isa = PBXFileReference; lastKnownFileType = sourcecode.swift; path = ToDoApp.swift; sourceTree = "<group>"; };
		AEE4BCDB2D232D040007495D /* ContentView.swift */ = {isa = PBXFileReference; lastKnownFileType = sourcecode.swift; path = ContentView.swift; sourceTree = "<group>"; };
		AEE4BCDD2D232D060007495D /* Assets.xcassets */ = {isa = PBXFileReference; lastKnownFileType = folder.assetcatalog; path = Assets.xcassets; sourceTree = "<group>"; };
		AEE4BCE02D232D060007495D /* Preview Assets.xcassets */ = {isa = PBXFileReference; lastKnownFileType = folder.assetcatalog; path = "Preview Assets.xcassets"; sourceTree = "<group>"; };
		AEE4BCE52D232D060007495D /* ToDo.xcdatamodel */ = {isa = PBXFileReference; lastKnownFileType = wrapper.xcdatamodel; path = ToDo.xcdatamodel; sourceTree = "<group>"; };
		AEE4BCEB2D232D070007495D /* ToDoTests.xctest */ = {isa = PBXFileReference; explicitFileType = wrapper.cfbundle; includeInIndex = 0; path = ToDoTests.xctest; sourceTree = BUILT_PRODUCTS_DIR; };
		AEE4BCEF2D232D070007495D /* ToDoTests.swift */ = {isa = PBXFileReference; lastKnownFileType = sourcecode.swift; path = ToDoTests.swift; sourceTree = "<group>"; };
		AEE4BCF52D232D070007495D /* ToDoUITests.xctest */ = {isa = PBXFileReference; explicitFileType = wrapper.cfbundle; includeInIndex = 0; path = ToDoUITests.xctest; sourceTree = BUILT_PRODUCTS_DIR; };
		AEE4BCF92D232D070007495D /* ToDoUITests.swift */ = {isa = PBXFileReference; lastKnownFileType = sourcecode.swift; path = ToDoUITests.swift; sourceTree = "<group>"; };
		AEE4BCFB2D232D070007495D /* ToDoUITestsLaunchTests.swift */ = {isa = PBXFileReference; lastKnownFileType = sourcecode.swift; path = ToDoUITestsLaunchTests.swift; sourceTree = "<group>"; };
		AEE4BD222D24CEA70007495D /* BlurView.swift */ = {isa = PBXFileReference; fileEncoding = 4; lastKnownFileType = sourcecode.swift; path = BlurView.swift; sourceTree = "<group>"; };
		AEE4BD232D24CEA70007495D /* HeaderView.swift */ = {isa = PBXFileReference; fileEncoding = 4; lastKnownFileType = sourcecode.swift; path = HeaderView.swift; sourceTree = "<group>"; };
		AEE4BD242D24CEA70007495D /* Hello.swift */ = {isa = PBXFileReference; fileEncoding = 4; lastKnownFileType = sourcecode.swift; path = Hello.swift; sourceTree = "<group>"; };
		AEE4BD252D24CEA80007495D /* Background.swift */ = {isa = PBXFileReference; fileEncoding = 4; lastKnownFileType = sourcecode.swift; path = Background.swift; sourceTree = "<group>"; };
		AEE4BD262D24CEA80007495D /* Task.swift */ = {isa = PBXFileReference; fileEncoding = 4; lastKnownFileType = sourcecode.swift; path = Task.swift; sourceTree = "<group>"; };
		AEE4BD272D24CEA80007495D /* TaskListView.swift */ = {isa = PBXFileReference; fileEncoding = 4; lastKnownFileType = sourcecode.swift; path = TaskListView.swift; sourceTree = "<group>"; };
		AEE4BD282D24CEA80007495D /* TaskEditorView.swift */ = {isa = PBXFileReference; fileEncoding = 4; lastKnownFileType = sourcecode.swift; path = TaskEditorView.swift; sourceTree = "<group>"; };
		AEE4BD292D24CEA80007495D /* SettingsView.swift */ = {isa = PBXFileReference; fileEncoding = 4; lastKnownFileType = sourcecode.swift; path = SettingsView.swift; sourceTree = "<group>"; };
		AEE4BD2A2D24CEA80007495D /* BG2.swift */ = {isa = PBXFileReference; fileEncoding = 4; lastKnownFileType = sourcecode.swift; path = BG2.swift; sourceTree = "<group>"; };
/* End PBXFileReference section */

/* Begin PBXFrameworksBuildPhase section */
		AEE4BCD32D232D040007495D /* Frameworks */ = {
			isa = PBXFrameworksBuildPhase;
			buildActionMask = 2147483647;
			files = (
			);
			runOnlyForDeploymentPostprocessing = 0;
		};
		AEE4BCE82D232D070007495D /* Frameworks */ = {
			isa = PBXFrameworksBuildPhase;
			buildActionMask = 2147483647;
			files = (
			);
			runOnlyForDeploymentPostprocessing = 0;
		};
		AEE4BCF22D232D070007495D /* Frameworks */ = {
			isa = PBXFrameworksBuildPhase;
			buildActionMask = 2147483647;
			files = (
			);
			runOnlyForDeploymentPostprocessing = 0;
		};
/* End PBXFrameworksBuildPhase section */

/* Begin PBXGroup section */
		AEE4BCCD2D232D040007495D = {
			isa = PBXGroup;
			children = (
				AEE4BCD82D232D040007495D /* ToDo */,
				AEE4BCEE2D232D070007495D /* ToDoTests */,
				AEE4BCF82D232D070007495D /* ToDoUITests */,
				AEE4BCD72D232D040007495D /* Products */,
			);
			sourceTree = "<group>";
		};
		AEE4BCD72D232D040007495D /* Products */ = {
			isa = PBXGroup;
			children = (
				AEE4BCD62D232D040007495D /* ToDo.app */,
				AEE4BCEB2D232D070007495D /* ToDoTests.xctest */,
				AEE4BCF52D232D070007495D /* ToDoUITests.xctest */,
			);
			name = Products;
			sourceTree = "<group>";
		};
		AEE4BCD82D232D040007495D /* ToDo */ = {
			isa = PBXGroup;
			children = (
				AEE4BCD92D232D040007495D /* ToDoApp.swift */,
				AEE4BCDB2D232D040007495D /* ContentView.swift */,
				AEB828EF2D3466E400F40C11 /* LoadScreenView.swift */,
				AE3C1AD12D25BBE300521944 /* Launch Screen.storyboard */,
				AEE4BD202D24CE7D0007495D /* Models */,
				AEE4BCDD2D232D060007495D /* Assets.xcassets */,
				AEE4BCE42D232D060007495D /* ToDo.xcdatamodeld */,
				AEE4BCDF2D232D060007495D /* Preview Content */,
			);
			path = ToDo;
			sourceTree = "<group>";
		};
		AEE4BCDF2D232D060007495D /* Preview Content */ = {
			isa = PBXGroup;
			children = (
				AEE4BCE02D232D060007495D /* Preview Assets.xcassets */,
			);
			path = "Preview Content";
			sourceTree = "<group>";
		};
		AEE4BCEE2D232D070007495D /* ToDoTests */ = {
			isa = PBXGroup;
			children = (
				AEE4BCEF2D232D070007495D /* ToDoTests.swift */,
			);
			path = ToDoTests;
			sourceTree = "<group>";
		};
		AEE4BCF82D232D070007495D /* ToDoUITests */ = {
			isa = PBXGroup;
			children = (
				AEE4BCF92D232D070007495D /* ToDoUITests.swift */,
				AEE4BCFB2D232D070007495D /* ToDoUITestsLaunchTests.swift */,
			);
			path = ToDoUITests;
			sourceTree = "<group>";
		};
		AEE4BD202D24CE7D0007495D /* Models */ = {
			isa = PBXGroup;
			children = (
				AEB828ED2D3466D100F40C11 /* AppSettings.swift */,
				AEB828EB2D3466C900F40C11 /* NotificationService.swift */,
				AEB828E92D3466C200F40C11 /* SetUpView.swift */,
				AEE4BD252D24CEA80007495D /* Background.swift */,
				AEE4BD2A2D24CEA80007495D /* BG2.swift */,
				AEE4BD222D24CEA70007495D /* BlurView.swift */,
				AEE4BD232D24CEA70007495D /* HeaderView.swift */,
				AEE4BD242D24CEA70007495D /* Hello.swift */,
				AEE4BD292D24CEA80007495D /* SettingsView.swift */,
				AEE4BD262D24CEA80007495D /* Task.swift */,
				AEE4BD282D24CEA80007495D /* TaskEditorView.swift */,
				AEE4BD272D24CEA80007495D /* TaskListView.swift */,
			);
			path = Models;
			sourceTree = "<group>";
		};
/* End PBXGroup section */

/* Begin PBXNativeTarget section */
		AEE4BCD52D232D040007495D /* ToDo */ = {
			isa = PBXNativeTarget;
			buildConfigurationList = AEE4BCFF2D232D070007495D /* Build configuration list for PBXNativeTarget "ToDo" */;
			buildPhases = (
				AEE4BCD22D232D040007495D /* Sources */,
				AEE4BCD32D232D040007495D /* Frameworks */,
				AEE4BCD42D232D040007495D /* Resources */,
			);
			buildRules = (
			);
			dependencies = (
			);
			name = ToDo;
			productName = ToDo;
			productReference = AEE4BCD62D232D040007495D /* ToDo.app */;
			productType = "com.apple.product-type.application";
		};
		AEE4BCEA2D232D070007495D /* ToDoTests */ = {
			isa = PBXNativeTarget;
			buildConfigurationList = AEE4BD022D232D070007495D /* Build configuration list for PBXNativeTarget "ToDoTests" */;
			buildPhases = (
				AEE4BCE72D232D070007495D /* Sources */,
				AEE4BCE82D232D070007495D /* Frameworks */,
				AEE4BCE92D232D070007495D /* Resources */,
			);
			buildRules = (
			);
			dependencies = (
				AEE4BCED2D232D070007495D /* PBXTargetDependency */,
			);
			name = ToDoTests;
			productName = ToDoTests;
			productReference = AEE4BCEB2D232D070007495D /* ToDoTests.xctest */;
			productType = "com.apple.product-type.bundle.unit-test";
		};
		AEE4BCF42D232D070007495D /* ToDoUITests */ = {
			isa = PBXNativeTarget;
			buildConfigurationList = AEE4BD052D232D070007495D /* Build configuration list for PBXNativeTarget "ToDoUITests" */;
			buildPhases = (
				AEE4BCF12D232D070007495D /* Sources */,
				AEE4BCF22D232D070007495D /* Frameworks */,
				AEE4BCF32D232D070007495D /* Resources */,
			);
			buildRules = (
			);
			dependencies = (
				AEE4BCF72D232D070007495D /* PBXTargetDependency */,
			);
			name = ToDoUITests;
			productName = ToDoUITests;
			productReference = AEE4BCF52D232D070007495D /* ToDoUITests.xctest */;
			productType = "com.apple.product-type.bundle.ui-testing";
		};
/* End PBXNativeTarget section */

/* Begin PBXProject section */
		AEE4BCCE2D232D040007495D /* Project object */ = {
			isa = PBXProject;
			attributes = {
				BuildIndependentTargetsInParallel = 1;
				LastSwiftUpdateCheck = 1520;
				LastUpgradeCheck = 1520;
				TargetAttributes = {
					AEE4BCD52D232D040007495D = {
						CreatedOnToolsVersion = 15.2;
					};
					AEE4BCEA2D232D070007495D = {
						CreatedOnToolsVersion = 15.2;
						TestTargetID = AEE4BCD52D232D040007495D;
					};
					AEE4BCF42D232D070007495D = {
						CreatedOnToolsVersion = 15.2;
						TestTargetID = AEE4BCD52D232D040007495D;
					};
				};
			};
			buildConfigurationList = AEE4BCD12D232D040007495D /* Build configuration list for PBXProject "ToDo" */;
			compatibilityVersion = "Xcode 14.0";
			developmentRegion = en;
			hasScannedForEncodings = 0;
			knownRegions = (
				en,
				Base,
			);
			mainGroup = AEE4BCCD2D232D040007495D;
			productRefGroup = AEE4BCD72D232D040007495D /* Products */;
			projectDirPath = "";
			projectRoot = "";
			targets = (
				AEE4BCD52D232D040007495D /* ToDo */,
				AEE4BCEA2D232D070007495D /* ToDoTests */,
				AEE4BCF42D232D070007495D /* ToDoUITests */,
			);
		};
/* End PBXProject section */

/* Begin PBXResourcesBuildPhase section */
		AEE4BCD42D232D040007495D /* Resources */ = {
			isa = PBXResourcesBuildPhase;
			buildActionMask = 2147483647;
			files = (
				AE3C1AD22D25BBE300521944 /* Launch Screen.storyboard in Resources */,
				AEE4BCE12D232D060007495D /* Preview Assets.xcassets in Resources */,
				AEE4BCDE2D232D060007495D /* Assets.xcassets in Resources */,
			);
			runOnlyForDeploymentPostprocessing = 0;
		};
		AEE4BCE92D232D070007495D /* Resources */ = {
			isa = PBXResourcesBuildPhase;
			buildActionMask = 2147483647;
			files = (
			);
			runOnlyForDeploymentPostprocessing = 0;
		};
		AEE4BCF32D232D070007495D /* Resources */ = {
			isa = PBXResourcesBuildPhase;
			buildActionMask = 2147483647;
			files = (
			);
			runOnlyForDeploymentPostprocessing = 0;
		};
/* End PBXResourcesBuildPhase section */

/* Begin PBXSourcesBuildPhase section */
		AEE4BCD22D232D040007495D /* Sources */ = {
			isa = PBXSourcesBuildPhase;
			buildActionMask = 2147483647;
			files = (
				AEB828EA2D3466C200F40C11 /* SetUpView.swift in Sources */,
				AEE4BCDC2D232D040007495D /* ContentView.swift in Sources */,
				AEB828EC2D3466C900F40C11 /* NotificationService.swift in Sources */,
				AEE4BD302D24CEA80007495D /* Task.swift in Sources */,
				AEE4BD312D24CEA80007495D /* TaskListView.swift in Sources */,
				AEE4BD322D24CEA80007495D /* TaskEditorView.swift in Sources */,
				AEE4BD2E2D24CEA80007495D /* Hello.swift in Sources */,
				AEE4BCDA2D232D040007495D /* ToDoApp.swift in Sources */,
				AEB828EE2D3466D100F40C11 /* AppSettings.swift in Sources */,
				AEE4BD2F2D24CEA80007495D /* Background.swift in Sources */,
				AEB828F02D3466E400F40C11 /* LoadScreenView.swift in Sources */,
				AEE4BCE62D232D060007495D /* ToDo.xcdatamodeld in Sources */,
				AEE4BD2C2D24CEA80007495D /* BlurView.swift in Sources */,
				AEE4BD2D2D24CEA80007495D /* HeaderView.swift in Sources */,
				AEE4BD332D24CEA80007495D /* SettingsView.swift in Sources */,
				AEE4BD342D24CEA80007495D /* BG2.swift in Sources */,
			);
			runOnlyForDeploymentPostprocessing = 0;
		};
		AEE4BCE72D232D070007495D /* Sources */ = {
			isa = PBXSourcesBuildPhase;
			buildActionMask = 2147483647;
			files = (
				AEE4BCF02D232D070007495D /* ToDoTests.swift in Sources */,
			);
			runOnlyForDeploymentPostprocessing = 0;
		};
		AEE4BCF12D232D070007495D /* Sources */ = {
			isa = PBXSourcesBuildPhase;
			buildActionMask = 2147483647;
			files = (
				AEE4BCFC2D232D070007495D /* ToDoUITestsLaunchTests.swift in Sources */,
				AEE4BCFA2D232D070007495D /* ToDoUITests.swift in Sources */,
			);
			runOnlyForDeploymentPostprocessing = 0;
		};
/* End PBXSourcesBuildPhase section */

/* Begin PBXTargetDependency section */
		AEE4BCED2D232D070007495D /* PBXTargetDependency */ = {
			isa = PBXTargetDependency;
			target = AEE4BCD52D232D040007495D /* ToDo */;
			targetProxy = AEE4BCEC2D232D070007495D /* PBXContainerItemProxy */;
		};
		AEE4BCF72D232D070007495D /* PBXTargetDependency */ = {
			isa = PBXTargetDependency;
			target = AEE4BCD52D232D040007495D /* ToDo */;
			targetProxy = AEE4BCF62D232D070007495D /* PBXContainerItemProxy */;
		};
/* End PBXTargetDependency section */

/* Begin XCBuildConfiguration section */
		AEE4BCFD2D232D070007495D /* Debug */ = {
			isa = XCBuildConfiguration;
			buildSettings = {
				ALWAYS_SEARCH_USER_PATHS = NO;
				ASSETCATALOG_COMPILER_GENERATE_SWIFT_ASSET_SYMBOL_EXTENSIONS = YES;
				CLANG_ANALYZER_NONNULL = YES;
				CLANG_ANALYZER_NUMBER_OBJECT_CONVERSION = YES_AGGRESSIVE;
				CLANG_CXX_LANGUAGE_STANDARD = "gnu++20";
				CLANG_ENABLE_MODULES = YES;
				CLANG_ENABLE_OBJC_ARC = YES;
				CLANG_ENABLE_OBJC_WEAK = YES;
				CLANG_WARN_BLOCK_CAPTURE_AUTORELEASING = YES;
				CLANG_WARN_BOOL_CONVERSION = YES;
				CLANG_WARN_COMMA = YES;
				CLANG_WARN_CONSTANT_CONVERSION = YES;
				CLANG_WARN_DEPRECATED_OBJC_IMPLEMENTATIONS = YES;
				CLANG_WARN_DIRECT_OBJC_ISA_USAGE = YES_ERROR;
				CLANG_WARN_DOCUMENTATION_COMMENTS = YES;
				CLANG_WARN_EMPTY_BODY = YES;
				CLANG_WARN_ENUM_CONVERSION = YES;
				CLANG_WARN_INFINITE_RECURSION = YES;
				CLANG_WARN_INT_CONVERSION = YES;
				CLANG_WARN_NON_LITERAL_NULL_CONVERSION = YES;
				CLANG_WARN_OBJC_IMPLICIT_RETAIN_SELF = YES;
				CLANG_WARN_OBJC_LITERAL_CONVERSION = YES;
				CLANG_WARN_OBJC_ROOT_CLASS = YES_ERROR;
				CLANG_WARN_QUOTED_INCLUDE_IN_FRAMEWORK_HEADER = YES;
				CLANG_WARN_RANGE_LOOP_ANALYSIS = YES;
				CLANG_WARN_STRICT_PROTOTYPES = YES;
				CLANG_WARN_SUSPICIOUS_MOVE = YES;
				CLANG_WARN_UNGUARDED_AVAILABILITY = YES_AGGRESSIVE;
				CLANG_WARN_UNREACHABLE_CODE = YES;
				CLANG_WARN__DUPLICATE_METHOD_MATCH = YES;
				COPY_PHASE_STRIP = NO;
				DEBUG_INFORMATION_FORMAT = dwarf;
				ENABLE_STRICT_OBJC_MSGSEND = YES;
				ENABLE_TESTABILITY = YES;
				ENABLE_USER_SCRIPT_SANDBOXING = YES;
				GCC_C_LANGUAGE_STANDARD = gnu17;
				GCC_DYNAMIC_NO_PIC = NO;
				GCC_NO_COMMON_BLOCKS = YES;
				GCC_OPTIMIZATION_LEVEL = 0;
				GCC_PREPROCESSOR_DEFINITIONS = (
					"DEBUG=1",
					"$(inherited)",
				);
				GCC_WARN_64_TO_32_BIT_CONVERSION = YES;
				GCC_WARN_ABOUT_RETURN_TYPE = YES_ERROR;
				GCC_WARN_UNDECLARED_SELECTOR = YES;
				GCC_WARN_UNINITIALIZED_AUTOS = YES_AGGRESSIVE;
				GCC_WARN_UNUSED_FUNCTION = YES;
				GCC_WARN_UNUSED_VARIABLE = YES;
				IPHONEOS_DEPLOYMENT_TARGET = 17.2;
				LOCALIZATION_PREFERS_STRING_CATALOGS = YES;
				MTL_ENABLE_DEBUG_INFO = INCLUDE_SOURCE;
				MTL_FAST_MATH = YES;
				ONLY_ACTIVE_ARCH = YES;
				SDKROOT = iphoneos;
				SWIFT_ACTIVE_COMPILATION_CONDITIONS = "DEBUG $(inherited)";
				SWIFT_OPTIMIZATION_LEVEL = "-Onone";
			};
			name = Debug;
		};
		AEE4BCFE2D232D070007495D /* Release */ = {
			isa = XCBuildConfiguration;
			buildSettings = {
				ALWAYS_SEARCH_USER_PATHS = NO;
				ASSETCATALOG_COMPILER_GENERATE_SWIFT_ASSET_SYMBOL_EXTENSIONS = YES;
				CLANG_ANALYZER_NONNULL = YES;
				CLANG_ANALYZER_NUMBER_OBJECT_CONVERSION = YES_AGGRESSIVE;
				CLANG_CXX_LANGUAGE_STANDARD = "gnu++20";
				CLANG_ENABLE_MODULES = YES;
				CLANG_ENABLE_OBJC_ARC = YES;
				CLANG_ENABLE_OBJC_WEAK = YES;
				CLANG_WARN_BLOCK_CAPTURE_AUTORELEASING = YES;
				CLANG_WARN_BOOL_CONVERSION = YES;
				CLANG_WARN_COMMA = YES;
				CLANG_WARN_CONSTANT_CONVERSION = YES;
				CLANG_WARN_DEPRECATED_OBJC_IMPLEMENTATIONS = YES;
				CLANG_WARN_DIRECT_OBJC_ISA_USAGE = YES_ERROR;
				CLANG_WARN_DOCUMENTATION_COMMENTS = YES;
				CLANG_WARN_EMPTY_BODY = YES;
				CLANG_WARN_ENUM_CONVERSION = YES;
				CLANG_WARN_INFINITE_RECURSION = YES;
				CLANG_WARN_INT_CONVERSION = YES;
				CLANG_WARN_NON_LITERAL_NULL_CONVERSION = YES;
				CLANG_WARN_OBJC_IMPLICIT_RETAIN_SELF = YES;
				CLANG_WARN_OBJC_LITERAL_CONVERSION = YES;
				CLANG_WARN_OBJC_ROOT_CLASS = YES_ERROR;
				CLANG_WARN_QUOTED_INCLUDE_IN_FRAMEWORK_HEADER = YES;
				CLANG_WARN_RANGE_LOOP_ANALYSIS = YES;
				CLANG_WARN_STRICT_PROTOTYPES = YES;
				CLANG_WARN_SUSPICIOUS_MOVE = YES;
				CLANG_WARN_UNGUARDED_AVAILABILITY = YES_AGGRESSIVE;
				CLANG_WARN_UNREACHABLE_CODE = YES;
				CLANG_WARN__DUPLICATE_METHOD_MATCH = YES;
				COPY_PHASE_STRIP = NO;
				DEBUG_INFORMATION_FORMAT = "dwarf-with-dsym";
				ENABLE_NS_ASSERTIONS = NO;
				ENABLE_STRICT_OBJC_MSGSEND = YES;
				ENABLE_USER_SCRIPT_SANDBOXING = YES;
				GCC_C_LANGUAGE_STANDARD = gnu17;
				GCC_NO_COMMON_BLOCKS = YES;
				GCC_WARN_64_TO_32_BIT_CONVERSION = YES;
				GCC_WARN_ABOUT_RETURN_TYPE = YES_ERROR;
				GCC_WARN_UNDECLARED_SELECTOR = YES;
				GCC_WARN_UNINITIALIZED_AUTOS = YES_AGGRESSIVE;
				GCC_WARN_UNUSED_FUNCTION = YES;
				GCC_WARN_UNUSED_VARIABLE = YES;
				IPHONEOS_DEPLOYMENT_TARGET = 17.2;
				LOCALIZATION_PREFERS_STRING_CATALOGS = YES;
				MTL_ENABLE_DEBUG_INFO = NO;
				MTL_FAST_MATH = YES;
				SDKROOT = iphoneos;
				SWIFT_COMPILATION_MODE = wholemodule;
				VALIDATE_PRODUCT = YES;
			};
			name = Release;
		};
		AEE4BD002D232D070007495D /* Debug */ = {
			isa = XCBuildConfiguration;
			buildSettings = {
				ASSETCATALOG_COMPILER_APPICON_NAME = AppIcon;
				ASSETCATALOG_COMPILER_GLOBAL_ACCENT_COLOR_NAME = AccentColor;
				CODE_SIGN_STYLE = Automatic;
				CURRENT_PROJECT_VERSION = 4;
				DEVELOPMENT_ASSET_PATHS = "\"ToDo/Preview Content\"";
				DEVELOPMENT_TEAM = 88M5SYPGUR;
				ENABLE_PREVIEWS = YES;
				GENERATE_INFOPLIST_FILE = YES;
				INFOPLIST_KEY_LSApplicationCategoryType = "public.app-category.productivity";
				INFOPLIST_KEY_UIApplicationSceneManifest_Generation = YES;
				INFOPLIST_KEY_UIApplicationSupportsIndirectInputEvents = YES;
				INFOPLIST_KEY_UILaunchScreen_Generation = YES;
				INFOPLIST_KEY_UILaunchStoryboardName = "Launch Screen.storyboard";
				INFOPLIST_KEY_UISupportedInterfaceOrientations = "UIInterfaceOrientationPortrait UIInterfaceOrientationPortraitUpsideDown";
				INFOPLIST_KEY_UISupportedInterfaceOrientations_iPad = "UIInterfaceOrientationLandscapeLeft UIInterfaceOrientationLandscapeRight UIInterfaceOrientationPortrait UIInterfaceOrientationPortraitUpsideDown";
				IPHONEOS_DEPLOYMENT_TARGET = 14.0;
				LD_RUNPATH_SEARCH_PATHS = (
					"$(inherited)",
					"@executable_path/Frameworks",
				);
				MARKETING_VERSION = 1.0;
				PRODUCT_BUNDLE_IDENTIFIER = com.admininc.ToDo;
				PRODUCT_NAME = "$(TARGET_NAME)";
				SUPPORTED_PLATFORMS = "iphoneos iphonesimulator";
				SUPPORTS_MACCATALYST = NO;
				SUPPORTS_XR_DESIGNED_FOR_IPHONE_IPAD = YES;
				SWIFT_EMIT_LOC_STRINGS = YES;
				SWIFT_VERSION = 5.0;
				TARGETED_DEVICE_FAMILY = "1,2";
			};
			name = Debug;
		};
		AEE4BD012D232D070007495D /* Release */ = {
			isa = XCBuildConfiguration;
			buildSettings = {
				ASSETCATALOG_COMPILER_APPICON_NAME = AppIcon;
				ASSETCATALOG_COMPILER_GLOBAL_ACCENT_COLOR_NAME = AccentColor;
				CODE_SIGN_STYLE = Automatic;
				CURRENT_PROJECT_VERSION = 4;
				DEVELOPMENT_ASSET_PATHS = "\"ToDo/Preview Content\"";
				DEVELOPMENT_TEAM = 88M5SYPGUR;
				ENABLE_PREVIEWS = YES;
				GENERATE_INFOPLIST_FILE = YES;
				INFOPLIST_KEY_LSApplicationCategoryType = "public.app-category.productivity";
				INFOPLIST_KEY_UIApplicationSceneManifest_Generation = YES;
				INFOPLIST_KEY_UIApplicationSupportsIndirectInputEvents = YES;
				INFOPLIST_KEY_UILaunchScreen_Generation = YES;
				INFOPLIST_KEY_UILaunchStoryboardName = "Launch Screen.storyboard";
				INFOPLIST_KEY_UISupportedInterfaceOrientations = "UIInterfaceOrientationPortrait UIInterfaceOrientationPortraitUpsideDown";
				INFOPLIST_KEY_UISupportedInterfaceOrientations_iPad = "UIInterfaceOrientationLandscapeLeft UIInterfaceOrientationLandscapeRight UIInterfaceOrientationPortrait UIInterfaceOrientationPortraitUpsideDown";
				IPHONEOS_DEPLOYMENT_TARGET = 14.0;
				LD_RUNPATH_SEARCH_PATHS = (
					"$(inherited)",
					"@executable_path/Frameworks",
				);
				MARKETING_VERSION = 1.0;
				PRODUCT_BUNDLE_IDENTIFIER = com.admininc.ToDo;
				PRODUCT_NAME = "$(TARGET_NAME)";
				SUPPORTED_PLATFORMS = "iphoneos iphonesimulator";
				SUPPORTS_MACCATALYST = NO;
				SUPPORTS_XR_DESIGNED_FOR_IPHONE_IPAD = YES;
				SWIFT_EMIT_LOC_STRINGS = YES;
				SWIFT_VERSION = 5.0;
				TARGETED_DEVICE_FAMILY = "1,2";
			};
			name = Release;
		};
		AEE4BD032D232D070007495D /* Debug */ = {
			isa = XCBuildConfiguration;
			buildSettings = {
				ALWAYS_EMBED_SWIFT_STANDARD_LIBRARIES = YES;
				BUNDLE_LOADER = "$(TEST_HOST)";
				CODE_SIGN_STYLE = Automatic;
				CURRENT_PROJECT_VERSION = 1;
				DEVELOPMENT_TEAM = 88M5SYPGUR;
				GENERATE_INFOPLIST_FILE = YES;
				IPHONEOS_DEPLOYMENT_TARGET = 17.2;
				MARKETING_VERSION = 1.0;
				PRODUCT_BUNDLE_IDENTIFIER = com.admininc.ToDoTests;
				PRODUCT_NAME = "$(TARGET_NAME)";
				SWIFT_EMIT_LOC_STRINGS = NO;
				SWIFT_VERSION = 5.0;
				TARGETED_DEVICE_FAMILY = "1,2";
				TEST_HOST = "$(BUILT_PRODUCTS_DIR)/ToDo.app/$(BUNDLE_EXECUTABLE_FOLDER_PATH)/ToDo";
			};
			name = Debug;
		};
		AEE4BD042D232D070007495D /* Release */ = {
			isa = XCBuildConfiguration;
			buildSettings = {
				ALWAYS_EMBED_SWIFT_STANDARD_LIBRARIES = YES;
				BUNDLE_LOADER = "$(TEST_HOST)";
				CODE_SIGN_STYLE = Automatic;
				CURRENT_PROJECT_VERSION = 1;
				DEVELOPMENT_TEAM = 88M5SYPGUR;
				GENERATE_INFOPLIST_FILE = YES;
				IPHONEOS_DEPLOYMENT_TARGET = 17.2;
				MARKETING_VERSION = 1.0;
				PRODUCT_BUNDLE_IDENTIFIER = com.admininc.ToDoTests;
				PRODUCT_NAME = "$(TARGET_NAME)";
				SWIFT_EMIT_LOC_STRINGS = NO;
				SWIFT_VERSION = 5.0;
				TARGETED_DEVICE_FAMILY = "1,2";
				TEST_HOST = "$(BUILT_PRODUCTS_DIR)/ToDo.app/$(BUNDLE_EXECUTABLE_FOLDER_PATH)/ToDo";
			};
			name = Release;
		};
		AEE4BD062D232D070007495D /* Debug */ = {
			isa = XCBuildConfiguration;
			buildSettings = {
				ALWAYS_EMBED_SWIFT_STANDARD_LIBRARIES = YES;
				CODE_SIGN_STYLE = Automatic;
				CURRENT_PROJECT_VERSION = 1;
				DEVELOPMENT_TEAM = 88M5SYPGUR;
				GENERATE_INFOPLIST_FILE = YES;
				MARKETING_VERSION = 1.0;
				PRODUCT_BUNDLE_IDENTIFIER = com.admininc.ToDoUITests;
				PRODUCT_NAME = "$(TARGET_NAME)";
				SWIFT_EMIT_LOC_STRINGS = NO;
				SWIFT_VERSION = 5.0;
				TARGETED_DEVICE_FAMILY = "1,2";
				TEST_TARGET_NAME = ToDo;
			};
			name = Debug;
		};
		AEE4BD072D232D070007495D /* Release */ = {
			isa = XCBuildConfiguration;
			buildSettings = {
				ALWAYS_EMBED_SWIFT_STANDARD_LIBRARIES = YES;
				CODE_SIGN_STYLE = Automatic;
				CURRENT_PROJECT_VERSION = 1;
				DEVELOPMENT_TEAM = 88M5SYPGUR;
				GENERATE_INFOPLIST_FILE = YES;
				MARKETING_VERSION = 1.0;
				PRODUCT_BUNDLE_IDENTIFIER = com.admininc.ToDoUITests;
				PRODUCT_NAME = "$(TARGET_NAME)";
				SWIFT_EMIT_LOC_STRINGS = NO;
				SWIFT_VERSION = 5.0;
				TARGETED_DEVICE_FAMILY = "1,2";
				TEST_TARGET_NAME = ToDo;
			};
			name = Release;
		};
/* End XCBuildConfiguration section */

/* Begin XCConfigurationList section */
		AEE4BCD12D232D040007495D /* Build configuration list for PBXProject "ToDo" */ = {
			isa = XCConfigurationList;
			buildConfigurations = (
				AEE4BCFD2D232D070007495D /* Debug */,
				AEE4BCFE2D232D070007495D /* Release */,
			);
			defaultConfigurationIsVisible = 0;
			defaultConfigurationName = Release;
		};
		AEE4BCFF2D232D070007495D /* Build configuration list for PBXNativeTarget "ToDo" */ = {
			isa = XCConfigurationList;
			buildConfigurations = (
				AEE4BD002D232D070007495D /* Debug */,
				AEE4BD012D232D070007495D /* Release */,
			);
			defaultConfigurationIsVisible = 0;
			defaultConfigurationName = Release;
		};
		AEE4BD022D232D070007495D /* Build configuration list for PBXNativeTarget "ToDoTests" */ = {
			isa = XCConfigurationList;
			buildConfigurations = (
				AEE4BD032D232D070007495D /* Debug */,
				AEE4BD042D232D070007495D /* Release */,
			);
			defaultConfigurationIsVisible = 0;
			defaultConfigurationName = Release;
		};
		AEE4BD052D232D070007495D /* Build configuration list for PBXNativeTarget "ToDoUITests" */ = {
			isa = XCConfigurationList;
			buildConfigurations = (
				AEE4BD062D232D070007495D /* Debug */,
				AEE4BD072D232D070007495D /* Release */,
			);
			defaultConfigurationIsVisible = 0;
			defaultConfigurationName = Release;
		};
/* End XCConfigurationList section */

/* Begin XCVersionGroup section */
		AEE4BCE42D232D060007495D /* ToDo.xcdatamodeld */ = {
			isa = XCVersionGroup;
			children = (
				AEE4BCE52D232D060007495D /* ToDo.xcdatamodel */,
			);
			currentVersion = AEE4BCE52D232D060007495D /* ToDo.xcdatamodel */;
			path = ToDo.xcdatamodeld;
			sourceTree = "<group>";
			versionGroupType = wrapper.xcdatamodel;
		};
/* End XCVersionGroup section */
	};
	rootObject = AEE4BCCE2D232D040007495D /* Project object */;
}
